Microsoft Visual Studio Solution File, Format Version 12.00
# Visual Studio Version 17
VisualStudioVersion = 17.5.2.0
MinimumVisualStudioVersion = 10.0.40219.1
Project("{FAE04EC0-301F-11D3-BF4B-00C04F79EFBC}") = "CarRentalAPI", "CarRentalAPI.csproj", "{ED8A8C3A-3B13-7C63-4A80-56805EC0628F}"
EndProject
Global
	GlobalSection(SolutionConfigurationPlatforms) = preSolution
		Debug|Any CPU = Debug|Any CPU
		Release|Any CPU = Release|Any CPU
	EndGlobalSection
	GlobalSection(ProjectConfigurationPlatforms) = postSolution
		{ED8A8C3A-3B13-7C63-4A80-56805EC0628F}.Debug|Any CPU.ActiveCfg = Debug|Any CPU
		{ED8A8C3A-3B13-7C63-4A80-56805EC0628F}.Debug|Any CPU.Build.0 = Debug|Any CPU
		{ED8A8C3A-3B13-7C63-4A80-56805EC0628F}.Release|Any CPU.ActiveCfg = Release|Any CPU
		{ED8A8C3A-3B13-7C63-4A80-56805EC0628F}.Release|Any CPU.Build.0 = Release|Any CPU
	EndGlobalSection
	GlobalSection(SolutionProperties) = preSolution
		HideSolutionNode = FALSE
	EndGlobalSection
	GlobalSection(ExtensibilityGlobals) = postSolution
		SolutionGuid = {53E9ACE2-DB88-4A68-8DB1-48668D7AD3D5}
	EndGlobalSection
EndGlobal
